{
  "version": 4,
  "terraform_version": "1.3.4",
  "serial": 11,
  "lineage": "a5650401-49ad-e21d-79b2-0f5d2f5746ff",
  "outputs": {},
  "resources": [
    {
      "mode": "managed",
      "type": "aws_instance",
      "name": "ec2-terraform",
      "provider": "provider[\"registry.terraform.io/hashicorp/aws\"].us-west-2",
      "instances": [
        {
          "schema_version": 1,
          "attributes": {
            "ami": "ami-017fecd1353bcc96e",
            "arn": "arn:aws:ec2:us-west-2:686759130677:instance/i-065eee408510f66eb",
            "associate_public_ip_address": true,
            "availability_zone": "us-west-2c",
            "capacity_reservation_specification": [
              {
                "capacity_reservation_preference": "open",
                "capacity_reservation_target": []
              }
            ],
            "cpu_core_count": 1,
            "cpu_threads_per_core": 1,
            "credit_specification": [
              {
                "cpu_credits": "standard"
              }
            ],
            "disable_api_termination": false,
            "ebs_block_device": [],
            "ebs_optimized": false,
            "enclave_options": [
              {
                "enabled": false
              }
            ],
            "ephemeral_block_device": [],
            "get_password_data": false,
            "hibernation": false,
            "host_id": null,
            "iam_instance_profile": "",
            "id": "i-065eee408510f66eb",
            "instance_initiated_shutdown_behavior": "stop",
            "instance_state": "running",
            "instance_type": "t2.micro",
            "ipv6_address_count": 0,
            "ipv6_addresses": [],
            "key_name": "terraform-aws-us-west-2-key",
            "launch_template": [],
            "metadata_options": [
              {
                "http_endpoint": "enabled",
                "http_put_response_hop_limit": 1,
                "http_tokens": "optional",
                "instance_metadata_tags": "disabled"
              }
            ],
            "monitoring": false,
            "network_interface": [],
            "outpost_arn": "",
            "password_data": "",
            "placement_group": "",
            "placement_partition_number": null,
            "primary_network_interface_id": "eni-08e71b53f7c82a78d",
            "private_dns": "ip-172-31-0-64.us-west-2.compute.internal",
            "private_ip": "172.31.0.64",
            "public_dns": "ec2-35-92-23-237.us-west-2.compute.amazonaws.com",
            "public_ip": "35.92.23.237",
            "root_block_device": [
              {
                "delete_on_termination": true,
                "device_name": "/dev/sda1",
                "encrypted": false,
                "iops": 100,
                "kms_key_id": "",
                "tags": {},
                "throughput": 0,
                "volume_id": "vol-0c24363b46a87c73d",
                "volume_size": 8,
                "volume_type": "gp2"
              }
            ],
            "secondary_private_ips": [],
            "security_groups": [
              "allow_ssh-us-west-2"
            ],
            "source_dest_check": true,
            "subnet_id": "subnet-9a8050c1",
            "tags": {
              "Name": "ec2-terraform-ubuntu",
              "Project": "Arquitetura"
            },
            "tags_all": {
              "Name": "ec2-terraform-ubuntu",
              "Project": "Arquitetura"
            },
            "tenancy": "default",
            "timeouts": null,
            "user_data": "c0c2202a505c4aaa738bdc76d6d02bfcad52ca32",
            "user_data_base64": null,
            "volume_tags": null,
            "vpc_security_group_ids": [
              "sg-077a8a57f0076caa7"
            ]
          },
          "sensitive_attributes": [],
          "private": "eyJlMmJmYjczMC1lY2FhLTExZTYtOGY4OC0zNDM2M2JjN2M0YzAiOnsiY3JlYXRlIjo2MDAwMDAwMDAwMDAsImRlbGV0ZSI6MTIwMDAwMDAwMDAwMCwidXBkYXRlIjo2MDAwMDAwMDAwMDB9LCJzY2hlbWFfdmVyc2lvbiI6IjEifQ==",
          "dependencies": [
            "aws_security_group.allow_ssh-us-west-2"
          ]
        }
      ]
    },
    {
      "mode": "managed",
      "type": "aws_security_group",
      "name": "allow_ssh-us-west-2",
      "provider": "provider[\"registry.terraform.io/hashicorp/aws\"].us-west-2",
      "instances": [
        {
          "schema_version": 1,
          "attributes": {
            "arn": "arn:aws:ec2:us-west-2:686759130677:security-group/sg-077a8a57f0076caa7",
            "description": "Allow SSH inbound traffic on port 22",
            "egress": [
              {
                "cidr_blocks": [
                  "0.0.0.0/0"
                ],
                "description": "",
                "from_port": 0,
                "ipv6_cidr_blocks": [
                  "::/0"
                ],
                "prefix_list_ids": [],
                "protocol": "-1",
                "security_groups": [],
                "self": false,
                "to_port": 0
              }
            ],
            "id": "sg-077a8a57f0076caa7",
            "ingress": [
              {
                "cidr_blocks": [
                  "201.17.120.163/32"
                ],
                "description": "SSH from VPC",
                "from_port": 22,
                "ipv6_cidr_blocks": [],
                "prefix_list_ids": [],
                "protocol": "tcp",
                "security_groups": [],
                "self": false,
                "to_port": 8080
              }
            ],
            "name": "allow_ssh-us-west-2",
            "name_prefix": "",
            "owner_id": "686759130677",
            "revoke_rules_on_delete": false,
            "tags": {
              "Name": "allow_ssh-us-west-2",
              "Project": "Arquitetura"
            },
            "tags_all": {
              "Name": "allow_ssh-us-west-2",
              "Project": "Arquitetura"
            },
            "timeouts": null,
            "vpc_id": "vpc-808e94e7"
          },
          "sensitive_attributes": [],
          "private": "eyJlMmJmYjczMC1lY2FhLTExZTYtOGY4OC0zNDM2M2JjN2M0YzAiOnsiY3JlYXRlIjo2MDAwMDAwMDAwMDAsImRlbGV0ZSI6OTAwMDAwMDAwMDAwfSwic2NoZW1hX3ZlcnNpb24iOiIxIn0="
        }
      ]
    }
  ],
  "check_results": null
}
